// !$*UTF8*$!
{
	archiveVersion = 1;
	classes = {
	};
	objectVersion = 55;
	objects = {

/* Begin PBXBuildFile section */
		E61E98F1284651D90034E545 /* DataController.swift in Sources */ = {isa = PBXBuildFile; fileRef = E61E98F0284651D90034E545 /* DataController.swift */; };
		E61E98F3284682A70034E545 /* ConversationViewModel.swift in Sources */ = {isa = PBXBuildFile; fileRef = E61E98F2284682A70034E545 /* ConversationViewModel.swift */; };
		E61E98F52846894E0034E545 /* ConversationsView.swift in Sources */ = {isa = PBXBuildFile; fileRef = E61E98F42846894E0034E545 /* ConversationsView.swift */; };
		E63D05222847CB1D0035AC69 /* MessageViewModel.swift in Sources */ = {isa = PBXBuildFile; fileRef = E63D05212847CB1D0035AC69 /* MessageViewModel.swift */; };
		E63D05262847D9000035AC69 /* MessageView.swift in Sources */ = {isa = PBXBuildFile; fileRef = E63D05252847D9000035AC69 /* MessageView.swift */; };
		E6465AE1283E991A00D000B4 /* MyFirstChatApp.swift in Sources */ = {isa = PBXBuildFile; fileRef = E6465AE0283E991A00D000B4 /* MyFirstChatApp.swift */; };
		E6465AE3283E991A00D000B4 /* ContentView.swift in Sources */ = {isa = PBXBuildFile; fileRef = E6465AE2283E991A00D000B4 /* ContentView.swift */; };
		E6465AE5283E991B00D000B4 /* Assets.xcassets in Resources */ = {isa = PBXBuildFile; fileRef = E6465AE4283E991B00D000B4 /* Assets.xcassets */; };
		E6465AE8283E991B00D000B4 /* Preview Assets.xcassets in Resources */ = {isa = PBXBuildFile; fileRef = E6465AE7283E991B00D000B4 /* Preview Assets.xcassets */; };
		E6E7A468283FBFE20075D6D8 /* Message.swift in Sources */ = {isa = PBXBuildFile; fileRef = E6E7A467283FBFE20075D6D8 /* Message.swift */; };
		E6E7A46A283FC4F70075D6D8 /* Conversation.swift in Sources */ = {isa = PBXBuildFile; fileRef = E6E7A469283FC4F70075D6D8 /* Conversation.swift */; };
		E6E7A46C283FCE5C0075D6D8 /* Conversations_Users.swift in Sources */ = {isa = PBXBuildFile; fileRef = E6E7A46B283FCE5C0075D6D8 /* Conversations_Users.swift */; };
		E6E7A46E283FD1460075D6D8 /* User.swift in Sources */ = {isa = PBXBuildFile; fileRef = E6E7A46D283FD1460075D6D8 /* User.swift */; };
/* End PBXBuildFile section */

/* Begin PBXFileReference section */
		E61E98F0284651D90034E545 /* DataController.swift */ = {isa = PBXFileReference; lastKnownFileType = sourcecode.swift; path = DataController.swift; sourceTree = "<group>"; };
		E61E98F2284682A70034E545 /* ConversationViewModel.swift */ = {isa = PBXFileReference; lastKnownFileType = sourcecode.swift; path = ConversationViewModel.swift; sourceTree = "<group>"; };
		E61E98F42846894E0034E545 /* ConversationsView.swift */ = {isa = PBXFileReference; lastKnownFileType = sourcecode.swift; path = ConversationsView.swift; sourceTree = "<group>"; };
		E63D05212847CB1D0035AC69 /* MessageViewModel.swift */ = {isa = PBXFileReference; lastKnownFileType = sourcecode.swift; path = MessageViewModel.swift; sourceTree = "<group>"; };
		E63D05252847D9000035AC69 /* MessageView.swift */ = {isa = PBXFileReference; lastKnownFileType = sourcecode.swift; path = MessageView.swift; sourceTree = "<group>"; };
		E6465ADD283E991A00D000B4 /* MyFirstChat.app */ = {isa = PBXFileReference; explicitFileType = wrapper.application; includeInIndex = 0; path = MyFirstChat.app; sourceTree = BUILT_PRODUCTS_DIR; };
		E6465AE0283E991A00D000B4 /* MyFirstChatApp.swift */ = {isa = PBXFileReference; lastKnownFileType = sourcecode.swift; path = MyFirstChatApp.swift; sourceTree = "<group>"; };
		E6465AE2283E991A00D000B4 /* ContentView.swift */ = {isa = PBXFileReference; lastKnownFileType = sourcecode.swift; path = ContentView.swift; sourceTree = "<group>"; };
		E6465AE4283E991B00D000B4 /* Assets.xcassets */ = {isa = PBXFileReference; lastKnownFileType = folder.assetcatalog; path = Assets.xcassets; sourceTree = "<group>"; };
		E6465AE7283E991B00D000B4 /* Preview Assets.xcassets */ = {isa = PBXFileReference; lastKnownFileType = folder.assetcatalog; path = "Preview Assets.xcassets"; sourceTree = "<group>"; };
		E6E7A467283FBFE20075D6D8 /* Message.swift */ = {isa = PBXFileReference; lastKnownFileType = sourcecode.swift; path = Message.swift; sourceTree = "<group>"; };
		E6E7A469283FC4F70075D6D8 /* Conversation.swift */ = {isa = PBXFileReference; lastKnownFileType = sourcecode.swift; path = Conversation.swift; sourceTree = "<group>"; };
		E6E7A46B283FCE5C0075D6D8 /* Conversations_Users.swift */ = {isa = PBXFileReference; lastKnownFileType = sourcecode.swift; path = Conversations_Users.swift; sourceTree = "<group>"; };
		E6E7A46D283FD1460075D6D8 /* User.swift */ = {isa = PBXFileReference; lastKnownFileType = sourcecode.swift; path = User.swift; sourceTree = "<group>"; };
/* End PBXFileReference section */

/* Begin PBXFrameworksBuildPhase section */
		E6465ADA283E991A00D000B4 /* Frameworks */ = {
			isa = PBXFrameworksBuildPhase;
			buildActionMask = 2147483647;
			files = (
			);
			runOnlyForDeploymentPostprocessing = 0;
		};
/* End PBXFrameworksBuildPhase section */

/* Begin PBXGroup section */
		E61E98EF284651B60034E545 /* ModelControllers */ = {
			isa = PBXGroup;
			children = (
				E61E98F0284651D90034E545 /* DataController.swift */,
			);
			path = ModelControllers;
			sourceTree = "<group>";
		};
		E6465AD4283E991A00D000B4 = {
			isa = PBXGroup;
			children = (
				E6465ADF283E991A00D000B4 /* MyFirstChat */,
				E6465ADE283E991A00D000B4 /* Products */,
			);
			sourceTree = "<group>";
		};
		E6465ADE283E991A00D000B4 /* Products */ = {
			isa = PBXGroup;
			children = (
				E6465ADD283E991A00D000B4 /* MyFirstChat.app */,
			);
			name = Products;
			sourceTree = "<group>";
		};
		E6465ADF283E991A00D000B4 /* MyFirstChat */ = {
			isa = PBXGroup;
			children = (
				E6465AEE283E994200D000B4 /* Models */,
				E61E98EF284651B60034E545 /* ModelControllers */,
				E6465AEF283E994B00D000B4 /* ViewModels */,
				E6465AF0283E995500D000B4 /* Views */,
				E6465AE0283E991A00D000B4 /* MyFirstChatApp.swift */,
				E6465AE4283E991B00D000B4 /* Assets.xcassets */,
				E6465AE6283E991B00D000B4 /* Preview Content */,
			);
			path = MyFirstChat;
			sourceTree = "<group>";
		};
		E6465AE6283E991B00D000B4 /* Preview Content */ = {
			isa = PBXGroup;
			children = (
				E6465AE7283E991B00D000B4 /* Preview Assets.xcassets */,
			);
			path = "Preview Content";
			sourceTree = "<group>";
		};
		E6465AEE283E994200D000B4 /* Models */ = {
			isa = PBXGroup;
			children = (
				E6E7A467283FBFE20075D6D8 /* Message.swift */,
				E6E7A469283FC4F70075D6D8 /* Conversation.swift */,
				E6E7A46B283FCE5C0075D6D8 /* Conversations_Users.swift */,
				E6E7A46D283FD1460075D6D8 /* User.swift */,
			);
			path = Models;
			sourceTree = "<group>";
		};
		E6465AEF283E994B00D000B4 /* ViewModels */ = {
			isa = PBXGroup;
			children = (
				E61E98F2284682A70034E545 /* ConversationViewModel.swift */,
				E63D05212847CB1D0035AC69 /* MessageViewModel.swift */,
			);
			path = ViewModels;
			sourceTree = "<group>";
		};
		E6465AF0283E995500D000B4 /* Views */ = {
			isa = PBXGroup;
			children = (
				E6465AE2283E991A00D000B4 /* ContentView.swift */,
				E61E98F42846894E0034E545 /* ConversationsView.swift */,
				E63D05252847D9000035AC69 /* MessageView.swift */,
			);
			path = Views;
			sourceTree = "<group>";
		};
/* End PBXGroup section */

/* Begin PBXNativeTarget section */
		E6465ADC283E991A00D000B4 /* MyFirstChat */ = {
			isa = PBXNativeTarget;
			buildConfigurationList = E6465AEB283E991B00D000B4 /* Build configuration list for PBXNativeTarget "MyFirstChat" */;
			buildPhases = (
				E6465AD9283E991A00D000B4 /* Sources */,
				E6465ADA283E991A00D000B4 /* Frameworks */,
				E6465ADB283E991A00D000B4 /* Resources */,
			);
			buildRules = (
			);
			dependencies = (
			);
			name = MyFirstChat;
			productName = MyFirstChat;
			productReference = E6465ADD283E991A00D000B4 /* MyFirstChat.app */;
			productType = "com.apple.product-type.application";
		};
/* End PBXNativeTarget section */

/* Begin PBXProject section */
		E6465AD5283E991A00D000B4 /* Project object */ = {
			isa = PBXProject;
			attributes = {
				BuildIndependentTargetsInParallel = 1;
				LastSwiftUpdateCheck = 1340;
				LastUpgradeCheck = 1340;
				TargetAttributes = {
					E6465ADC283E991A00D000B4 = {
						CreatedOnToolsVersion = 13.4;
					};
				};
			};
			buildConfigurationList = E6465AD8283E991A00D000B4 /* Build configuration list for PBXProject "MyFirstChat" */;
			compatibilityVersion = "Xcode 13.0";
			developmentRegion = en;
			hasScannedForEncodings = 0;
			knownRegions = (
				en,
				Base,
			);
			mainGroup = E6465AD4283E991A00D000B4;
			productRefGroup = E6465ADE283E991A00D000B4 /* Products */;
			projectDirPath = "";
			projectRoot = "";
			targets = (
				E6465ADC283E991A00D000B4 /* MyFirstChat */,
			);
		};
/* End PBXProject section */

/* Begin PBXResourcesBuildPhase section */
		E6465ADB283E991A00D000B4 /* Resources */ = {
			isa = PBXResourcesBuildPhase;
			buildActionMask = 2147483647;
			files = (
				E6465AE8283E991B00D000B4 /* Preview Assets.xcassets in Resources */,
				E6465AE5283E991B00D000B4 /* Assets.xcassets in Resources */,
			);
			runOnlyForDeploymentPostprocessing = 0;
		};
/* End PBXResourcesBuildPhase section */

/* Begin PBXSourcesBuildPhase section */
		E6465AD9283E991A00D000B4 /* Sources */ = {
			isa = PBXSourcesBuildPhase;
			buildActionMask = 2147483647;
			files = (
				E61E98F1284651D90034E545 /* DataController.swift in Sources */,
				E6E7A46A283FC4F70075D6D8 /* Conversation.swift in Sources */,
				E63D05222847CB1D0035AC69 /* MessageViewModel.swift in Sources */,
				E6E7A468283FBFE20075D6D8 /* Message.swift in Sources */,
				E6E7A46E283FD1460075D6D8 /* User.swift in Sources */,
				E6465AE3283E991A00D000B4 /* ContentView.swift in Sources */,
				E63D05262847D9000035AC69 /* MessageView.swift in Sources */,
				E61E98F3284682A70034E545 /* ConversationViewModel.swift in Sources */,
				E6465AE1283E991A00D000B4 /* MyFirstChatApp.swift in Sources */,
				E6E7A46C283FCE5C0075D6D8 /* Conversations_Users.swift in Sources */,
				E61E98F52846894E0034E545 /* ConversationsView.swift in Sources */,
			);
			runOnlyForDeploymentPostprocessing = 0;
		};
/* End PBXSourcesBuildPhase section */

/* Begin XCBuildConfiguration section */
		E6465AE9283E991B00D000B4 /* Debug */ = {
			isa = XCBuildConfiguration;
			buildSettings = {
				ALWAYS_SEARCH_USER_PATHS = NO;
				CLANG_ANALYZER_NONNULL = YES;
				CLANG_ANALYZER_NUMBER_OBJECT_CONVERSION = YES_AGGRESSIVE;
				CLANG_CXX_LANGUAGE_STANDARD = "gnu++17";
				CLANG_ENABLE_MODULES = YES;
				CLANG_ENABLE_OBJC_ARC = YES;
				CLANG_ENABLE_OBJC_WEAK = YES;
				CLANG_WARN_BLOCK_CAPTURE_AUTORELEASING = YES;
				CLANG_WARN_BOOL_CONVERSION = YES;
				CLANG_WARN_COMMA = YES;
				CLANG_WARN_CONSTANT_CONVERSION = YES;
				CLANG_WARN_DEPRECATED_OBJC_IMPLEMENTATIONS = YES;
				CLANG_WARN_DIRECT_OBJC_ISA_USAGE = YES_ERROR;
				CLANG_WARN_DOCUMENTATION_COMMENTS = YES;
				CLANG_WARN_EMPTY_BODY = YES;
				CLANG_WARN_ENUM_CONVERSION = YES;
				CLANG_WARN_INFINITE_RECURSION = YES;
				CLANG_WARN_INT_CONVERSION = YES;
				CLANG_WARN_NON_LITERAL_NULL_CONVERSION = YES;
				CLANG_WARN_OBJC_IMPLICIT_RETAIN_SELF = YES;
				CLANG_WARN_OBJC_LITERAL_CONVERSION = YES;
				CLANG_WARN_OBJC_ROOT_CLASS = YES_ERROR;
				CLANG_WARN_QUOTED_INCLUDE_IN_FRAMEWORK_HEADER = YES;
				CLANG_WARN_RANGE_LOOP_ANALYSIS = YES;
				CLANG_WARN_STRICT_PROTOTYPES = YES;
				CLANG_WARN_SUSPICIOUS_MOVE = YES;
				CLANG_WARN_UNGUARDED_AVAILABILITY = YES_AGGRESSIVE;
				CLANG_WARN_UNREACHABLE_CODE = YES;
				CLANG_WARN__DUPLICATE_METHOD_MATCH = YES;
				COPY_PHASE_STRIP = NO;
				DEBUG_INFORMATION_FORMAT = dwarf;
				ENABLE_STRICT_OBJC_MSGSEND = YES;
				ENABLE_TESTABILITY = YES;
				GCC_C_LANGUAGE_STANDARD = gnu11;
				GCC_DYNAMIC_NO_PIC = NO;
				GCC_NO_COMMON_BLOCKS = YES;
				GCC_OPTIMIZATION_LEVEL = 0;
				GCC_PREPROCESSOR_DEFINITIONS = (
					"DEBUG=1",
					"$(inherited)",
				);
				GCC_WARN_64_TO_32_BIT_CONVERSION = YES;
				GCC_WARN_ABOUT_RETURN_TYPE = YES_ERROR;
				GCC_WARN_UNDECLARED_SELECTOR = YES;
				GCC_WARN_UNINITIALIZED_AUTOS = YES_AGGRESSIVE;
				GCC_WARN_UNUSED_FUNCTION = YES;
				GCC_WARN_UNUSED_VARIABLE = YES;
				IPHONEOS_DEPLOYMENT_TARGET = 15.5;
				MTL_ENABLE_DEBUG_INFO = INCLUDE_SOURCE;
				MTL_FAST_MATH = YES;
				ONLY_ACTIVE_ARCH = YES;
				SDKROOT = iphoneos;
				SWIFT_ACTIVE_COMPILATION_CONDITIONS = DEBUG;
				SWIFT_OPTIMIZATION_LEVEL = "-Onone";
			};
			name = Debug;
		};
		E6465AEA283E991B00D000B4 /* Release */ = {
			isa = XCBuildConfiguration;
			buildSettings = {
				ALWAYS_SEARCH_USER_PATHS = NO;
				CLANG_ANALYZER_NONNULL = YES;
				CLANG_ANALYZER_NUMBER_OBJECT_CONVERSION = YES_AGGRESSIVE;
				CLANG_CXX_LANGUAGE_STANDARD = "gnu++17";
				CLANG_ENABLE_MODULES = YES;
				CLANG_ENABLE_OBJC_ARC = YES;
				CLANG_ENABLE_OBJC_WEAK = YES;
				CLANG_WARN_BLOCK_CAPTURE_AUTORELEASING = YES;
				CLANG_WARN_BOOL_CONVERSION = YES;
				CLANG_WARN_COMMA = YES;
				CLANG_WARN_CONSTANT_CONVERSION = YES;
				CLANG_WARN_DEPRECATED_OBJC_IMPLEMENTATIONS = YES;
				CLANG_WARN_DIRECT_OBJC_ISA_USAGE = YES_ERROR;
				CLANG_WARN_DOCUMENTATION_COMMENTS = YES;
				CLANG_WARN_EMPTY_BODY = YES;
				CLANG_WARN_ENUM_CONVERSION = YES;
				CLANG_WARN_INFINITE_RECURSION = YES;
				CLANG_WARN_INT_CONVERSION = YES;
				CLANG_WARN_NON_LITERAL_NULL_CONVERSION = YES;
				CLANG_WARN_OBJC_IMPLICIT_RETAIN_SELF = YES;
				CLANG_WARN_OBJC_LITERAL_CONVERSION = YES;
				CLANG_WARN_OBJC_ROOT_CLASS = YES_ERROR;
				CLANG_WARN_QUOTED_INCLUDE_IN_FRAMEWORK_HEADER = YES;
				CLANG_WARN_RANGE_LOOP_ANALYSIS = YES;
				CLANG_WARN_STRICT_PROTOTYPES = YES;
				CLANG_WARN_SUSPICIOUS_MOVE = YES;
				CLANG_WARN_UNGUARDED_AVAILABILITY = YES_AGGRESSIVE;
				CLANG_WARN_UNREACHABLE_CODE = YES;
				CLANG_WARN__DUPLICATE_METHOD_MATCH = YES;
				COPY_PHASE_STRIP = NO;
				DEBUG_INFORMATION_FORMAT = "dwarf-with-dsym";
				ENABLE_NS_ASSERTIONS = NO;
				ENABLE_STRICT_OBJC_MSGSEND = YES;
				GCC_C_LANGUAGE_STANDARD = gnu11;
				GCC_NO_COMMON_BLOCKS = YES;
				GCC_WARN_64_TO_32_BIT_CONVERSION = YES;
				GCC_WARN_ABOUT_RETURN_TYPE = YES_ERROR;
				GCC_WARN_UNDECLARED_SELECTOR = YES;
				GCC_WARN_UNINITIALIZED_AUTOS = YES_AGGRESSIVE;
				GCC_WARN_UNUSED_FUNCTION = YES;
				GCC_WARN_UNUSED_VARIABLE = YES;
				IPHONEOS_DEPLOYMENT_TARGET = 15.5;
				MTL_ENABLE_DEBUG_INFO = NO;
				MTL_FAST_MATH = YES;
				SDKROOT = iphoneos;
				SWIFT_COMPILATION_MODE = wholemodule;
				SWIFT_OPTIMIZATION_LEVEL = "-O";
				VALIDATE_PRODUCT = YES;
			};
			name = Release;
		};
		E6465AEC283E991B00D000B4 /* Debug */ = {
			isa = XCBuildConfiguration;
			buildSettings = {
				ASSETCATALOG_COMPILER_APPICON_NAME = AppIcon;
				ASSETCATALOG_COMPILER_GLOBAL_ACCENT_COLOR_NAME = AccentColor;
				CODE_SIGN_STYLE = Automatic;
				CURRENT_PROJECT_VERSION = 1;
				DEVELOPMENT_ASSET_PATHS = "\"MyFirstChat/Preview Content\"";
				DEVELOPMENT_TEAM = ZYPVSX598R;
				ENABLE_PREVIEWS = YES;
				GENERATE_INFOPLIST_FILE = YES;
				INFOPLIST_KEY_UIApplicationSceneManifest_Generation = YES;
				INFOPLIST_KEY_UIApplicationSupportsIndirectInputEvents = YES;
				INFOPLIST_KEY_UILaunchScreen_Generation = YES;
				INFOPLIST_KEY_UISupportedInterfaceOrientations_iPad = "UIInterfaceOrientationPortrait UIInterfaceOrientationPortraitUpsideDown UIInterfaceOrientationLandscapeLeft UIInterfaceOrientationLandscapeRight";
				INFOPLIST_KEY_UISupportedInterfaceOrientations_iPhone = "UIInterfaceOrientationPortrait UIInterfaceOrientationLandscapeLeft UIInterfaceOrientationLandscapeRight";
				LD_RUNPATH_SEARCH_PATHS = (
					"$(inherited)",
					"@executable_path/Frameworks",
				);
				MARKETING_VERSION = 1.0;
				PRODUCT_BUNDLE_IDENTIFIER = fr.consulting.myjobly.MyFirstChat;
				PRODUCT_NAME = "$(TARGET_NAME)";
				SWIFT_EMIT_LOC_STRINGS = YES;
				SWIFT_VERSION = 5.0;
				TARGETED_DEVICE_FAMILY = "1,2";
			};
			name = Debug;
		};
		E6465AED283E991B00D000B4 /* Release */ = {
			isa = XCBuildConfiguration;
			buildSettings = {
				ASSETCATALOG_COMPILER_APPICON_NAME = AppIcon;
				ASSETCATALOG_COMPILER_GLOBAL_ACCENT_COLOR_NAME = AccentColor;
				CODE_SIGN_STYLE = Automatic;
				CURRENT_PROJECT_VERSION = 1;
				DEVELOPMENT_ASSET_PATHS = "\"MyFirstChat/Preview Content\"";
				DEVELOPMENT_TEAM = ZYPVSX598R;
				ENABLE_PREVIEWS = YES;
				GENERATE_INFOPLIST_FILE = YES;
				INFOPLIST_KEY_UIApplicationSceneManifest_Generation = YES;
				INFOPLIST_KEY_UIApplicationSupportsIndirectInputEvents = YES;
				INFOPLIST_KEY_UILaunchScreen_Generation = YES;
				INFOPLIST_KEY_UISupportedInterfaceOrientations_iPad = "UIInterfaceOrientationPortrait UIInterfaceOrientationPortraitUpsideDown UIInterfaceOrientationLandscapeLeft UIInterfaceOrientationLandscapeRight";
				INFOPLIST_KEY_UISupportedInterfaceOrientations_iPhone = "UIInterfaceOrientationPortrait UIInterfaceOrientationLandscapeLeft UIInterfaceOrientationLandscapeRight";
				LD_RUNPATH_SEARCH_PATHS = (
					"$(inherited)",
					"@executable_path/Frameworks",
				);
				MARKETING_VERSION = 1.0;
				PRODUCT_BUNDLE_IDENTIFIER = fr.consulting.myjobly.MyFirstChat;
				PRODUCT_NAME = "$(TARGET_NAME)";
				SWIFT_EMIT_LOC_STRINGS = YES;
				SWIFT_VERSION = 5.0;
				TARGETED_DEVICE_FAMILY = "1,2";
			};
			name = Release;
		};
/* End XCBuildConfiguration section */

/* Begin XCConfigurationList section */
		E6465AD8283E991A00D000B4 /* Build configuration list for PBXProject "MyFirstChat" */ = {
			isa = XCConfigurationList;
			buildConfigurations = (
				E6465AE9283E991B00D000B4 /* Debug */,
				E6465AEA283E991B00D000B4 /* Release */,
			);
			defaultConfigurationIsVisible = 0;
			defaultConfigurationName = Release;
		};
		E6465AEB283E991B00D000B4 /* Build configuration list for PBXNativeTarget "MyFirstChat" */ = {
			isa = XCConfigurationList;
			buildConfigurations = (
				E6465AEC283E991B00D000B4 /* Debug */,
				E6465AED283E991B00D000B4 /* Release */,
			);
			defaultConfigurationIsVisible = 0;
			defaultConfigurationName = Release;
		};
/* End XCConfigurationList section */
	};
	rootObject = E6465AD5283E991A00D000B4 /* Project object */;
}
